// !$*UTF8*$!
{
	archiveVersion = 1;
	classes = {
	};
	objectVersion = 46;
	objects = {

/* Begin PBXBuildFile section */
		29BD29031E9E19E100BA062D /* AppDelegate.swift in Sources */ = {isa = PBXBuildFile; fileRef = 29BD28FB1E9E19E100BA062D /* AppDelegate.swift */; };
		29BD29041E9E19E100BA062D /* Assets.xcassets in Resources */ = {isa = PBXBuildFile; fileRef = 29BD28FC1E9E19E100BA062D /* Assets.xcassets */; };
		29BD29051E9E19E100BA062D /* LaunchScreen.storyboard in Resources */ = {isa = PBXBuildFile; fileRef = 29BD28FD1E9E19E100BA062D /* LaunchScreen.storyboard */; };
		29BD29061E9E19E100BA062D /* Main.storyboard in Resources */ = {isa = PBXBuildFile; fileRef = 29BD28FF1E9E19E100BA062D /* Main.storyboard */; };
		29BD29071E9E19E100BA062D /* Info.plist in Resources */ = {isa = PBXBuildFile; fileRef = 29BD29011E9E19E100BA062D /* Info.plist */; };
		29BD29081E9E19E100BA062D /* ViewController.swift in Sources */ = {isa = PBXBuildFile; fileRef = 29BD29021E9E19E100BA062D /* ViewController.swift */; };
		29BD290B1E9E1AAE00BA062D /* RHRefreshHeader.swift in Sources */ = {isa = PBXBuildFile; fileRef = 29BD290A1E9E1AAE00BA062D /* RHRefreshHeader.swift */; };
		29BD290D1E9E1AC300BA062D /* RHRefreshFooter.swift in Sources */ = {isa = PBXBuildFile; fileRef = 29BD290C1E9E1AC300BA062D /* RHRefreshFooter.swift */; };
		29BD290F1E9E49B400BA062D /* arrow@2x.png in Resources */ = {isa = PBXBuildFile; fileRef = 29BD290E1E9E49B400BA062D /* arrow@2x.png */; };
/* End PBXBuildFile section */

/* Begin PBXFileReference section */
		29BD28E51E9E19AC00BA062D /* RHRefresh.app */ = {isa = PBXFileReference; explicitFileType = wrapper.application; includeInIndex = 0; path = RHRefresh.app; sourceTree = BUILT_PRODUCTS_DIR; };
		29BD28FB1E9E19E100BA062D /* AppDelegate.swift */ = {isa = PBXFileReference; fileEncoding = 4; lastKnownFileType = sourcecode.swift; path = AppDelegate.swift; sourceTree = "<group>"; };
		29BD28FC1E9E19E100BA062D /* Assets.xcassets */ = {isa = PBXFileReference; lastKnownFileType = folder.assetcatalog; path = Assets.xcassets; sourceTree = "<group>"; };
		29BD28FE1E9E19E100BA062D /* Base */ = {isa = PBXFileReference; lastKnownFileType = file.storyboard; name = Base; path = Base.lproj/LaunchScreen.storyboard; sourceTree = "<group>"; };
		29BD29001E9E19E100BA062D /* Base */ = {isa = PBXFileReference; lastKnownFileType = file.storyboard; name = Base; path = Base.lproj/Main.storyboard; sourceTree = "<group>"; };
		29BD29011E9E19E100BA062D /* Info.plist */ = {isa = PBXFileReference; fileEncoding = 4; lastKnownFileType = text.plist.xml; path = Info.plist; sourceTree = "<group>"; };
		29BD29021E9E19E100BA062D /* ViewController.swift */ = {isa = PBXFileReference; fileEncoding = 4; lastKnownFileType = sourcecode.swift; path = ViewController.swift; sourceTree = "<group>"; };
		29BD290A1E9E1AAE00BA062D /* RHRefreshHeader.swift */ = {isa = PBXFileReference; fileEncoding = 4; lastKnownFileType = sourcecode.swift; path = RHRefreshHeader.swift; sourceTree = "<group>"; };
		29BD290C1E9E1AC300BA062D /* RHRefreshFooter.swift */ = {isa = PBXFileReference; fileEncoding = 4; lastKnownFileType = sourcecode.swift; path = RHRefreshFooter.swift; sourceTree = "<group>"; };
		29BD290E1E9E49B400BA062D /* arrow@2x.png */ = {isa = PBXFileReference; lastKnownFileType = image.png; path = "arrow@2x.png"; sourceTree = "<group>"; };
/* End PBXFileReference section */

/* Begin PBXFrameworksBuildPhase section */
		29BD28E21E9E19AC00BA062D /* Frameworks */ = {
			isa = PBXFrameworksBuildPhase;
			buildActionMask = 2147483647;
			files = (
			);
			runOnlyForDeploymentPostprocessing = 0;
		};
/* End PBXFrameworksBuildPhase section */

/* Begin PBXGroup section */
		29BD28DC1E9E19AC00BA062D = {
			isa = PBXGroup;
			children = (
				29BD29091E9E1A8600BA062D /* RHRefresh */,
				29BD28FA1E9E19E100BA062D /* RHRefreshDemo */,
				29BD28E61E9E19AC00BA062D /* Products */,
			);
			sourceTree = "<group>";
		};
		29BD28E61E9E19AC00BA062D /* Products */ = {
			isa = PBXGroup;
			children = (
				29BD28E51E9E19AC00BA062D /* RHRefresh.app */,
			);
			name = Products;
			sourceTree = "<group>";
		};
		29BD28FA1E9E19E100BA062D /* RHRefreshDemo */ = {
			isa = PBXGroup;
			children = (
				29BD28FB1E9E19E100BA062D /* AppDelegate.swift */,
				29BD28FC1E9E19E100BA062D /* Assets.xcassets */,
				29BD28FD1E9E19E100BA062D /* LaunchScreen.storyboard */,
				29BD28FF1E9E19E100BA062D /* Main.storyboard */,
				29BD29011E9E19E100BA062D /* Info.plist */,
				29BD29021E9E19E100BA062D /* ViewController.swift */,
			);
			path = RHRefreshDemo;
			sourceTree = "<group>";
		};
		29BD29091E9E1A8600BA062D /* RHRefresh */ = {
			isa = PBXGroup;
			children = (
				29BD290A1E9E1AAE00BA062D /* RHRefreshHeader.swift */,
				29BD290C1E9E1AC300BA062D /* RHRefreshFooter.swift */,
				29BD290E1E9E49B400BA062D /* arrow@2x.png */,
			);
			path = RHRefresh;
			sourceTree = "<group>";
		};
/* End PBXGroup section */

/* Begin PBXNativeTarget section */
		29BD28E41E9E19AC00BA062D /* RHRefresh */ = {
			isa = PBXNativeTarget;
			buildConfigurationList = 29BD28F71E9E19AC00BA062D /* Build configuration list for PBXNativeTarget "RHRefresh" */;
			buildPhases = (
				29BD28E11E9E19AC00BA062D /* Sources */,
				29BD28E21E9E19AC00BA062D /* Frameworks */,
				29BD28E31E9E19AC00BA062D /* Resources */,
			);
			buildRules = (
			);
			dependencies = (
			);
			name = RHRefresh;
			productName = RHRefresh;
			productReference = 29BD28E51E9E19AC00BA062D /* RHRefresh.app */;
			productType = "com.apple.product-type.application";
		};
/* End PBXNativeTarget section */

/* Begin PBXProject section */
		29BD28DD1E9E19AC00BA062D /* Project object */ = {
			isa = PBXProject;
			attributes = {
				LastSwiftUpdateCheck = 0820;
				LastUpgradeCheck = 0820;
				ORGANIZATIONNAME = xieruihua;
				TargetAttributes = {
					29BD28E41E9E19AC00BA062D = {
						CreatedOnToolsVersion = 8.2.1;
						DevelopmentTeam = 9TNZEAVGTV;
						ProvisioningStyle = Manual;
					};
				};
			};
			buildConfigurationList = 29BD28E01E9E19AC00BA062D /* Build configuration list for PBXProject "RHRefresh" */;
			compatibilityVersion = "Xcode 3.2";
			developmentRegion = English;
			hasScannedForEncodings = 0;
			knownRegions = (
				en,
				Base,
			);
			mainGroup = 29BD28DC1E9E19AC00BA062D;
			productRefGroup = 29BD28E61E9E19AC00BA062D /* Products */;
			projectDirPath = "";
			projectRoot = "";
			targets = (
				29BD28E41E9E19AC00BA062D /* RHRefresh */,
			);
		};
/* End PBXProject section */

/* Begin PBXResourcesBuildPhase section */
		29BD28E31E9E19AC00BA062D /* Resources */ = {
			isa = PBXResourcesBuildPhase;
			buildActionMask = 2147483647;
			files = (
				29BD29071E9E19E100BA062D /* Info.plist in Resources */,
				29BD29061E9E19E100BA062D /* Main.storyboard in Resources */,
				29BD290F1E9E49B400BA062D /* arrow@2x.png in Resources */,
				29BD29041E9E19E100BA062D /* Assets.xcassets in Resources */,
				29BD29051E9E19E100BA062D /* LaunchScreen.storyboard in Resources */,
			);
			runOnlyForDeploymentPostprocessing = 0;
		};
/* End PBXResourcesBuildPhase section */

/* Begin PBXSourcesBuildPhase section */
		29BD28E11E9E19AC00BA062D /* Sources */ = {
			isa = PBXSourcesBuildPhase;
			buildActionMask = 2147483647;
			files = (
				29BD290D1E9E1AC300BA062D /* RHRefreshFooter.swift in Sources */,
				29BD29081E9E19E100BA062D /* ViewController.swift in Sources */,
				29BD290B1E9E1AAE00BA062D /* RHRefreshHeader.swift in Sources */,
				29BD29031E9E19E100BA062D /* AppDelegate.swift in Sources */,
			);
			runOnlyForDeploymentPostprocessing = 0;
		};
/* End PBXSourcesBuildPhase section */

/* Begin PBXVariantGroup section */
		29BD28FD1E9E19E100BA062D /* LaunchScreen.storyboard */ = {
			isa = PBXVariantGroup;
			children = (
				29BD28FE1E9E19E100BA062D /* Base */,
			);
			name = LaunchScreen.storyboard;
			sourceTree = "<group>";
		};
		29BD28FF1E9E19E100BA062D /* Main.storyboard */ = {
			isa = PBXVariantGroup;
			children = (
				29BD29001E9E19E100BA062D /* Base */,
			);
			name = Main.storyboard;
			sourceTree = "<group>";
		};
/* End PBXVariantGroup section */

/* Begin XCBuildConfiguration section */
		29BD28F51E9E19AC00BA062D /* Debug */ = {
			isa = XCBuildConfiguration;
			buildSettings = {
				ALWAYS_SEARCH_USER_PATHS = NO;
				CLANG_ANALYZER_NONNULL = YES;
				CLANG_CXX_LANGUAGE_STANDARD = "gnu++0x";
				CLANG_CXX_LIBRARY = "libc++";
				CLANG_ENABLE_MODULES = YES;
				CLANG_ENABLE_OBJC_ARC = YES;
				CLANG_WARN_BOOL_CONVERSION = YES;
				CLANG_WARN_CONSTANT_CONVERSION = YES;
				CLANG_WARN_DIRECT_OBJC_ISA_USAGE = YES_ERROR;
				CLANG_WARN_DOCUMENTATION_COMMENTS = YES;
				CLANG_WARN_EMPTY_BODY = YES;
				CLANG_WARN_ENUM_CONVERSION = YES;
				CLANG_WARN_INFINITE_RECURSION = YES;
				CLANG_WARN_INT_CONVERSION = YES;
				CLANG_WARN_OBJC_ROOT_CLASS = YES_ERROR;
				CLANG_WARN_SUSPICIOUS_MOVE = YES;
				CLANG_WARN_UNREACHABLE_CODE = YES;
				CLANG_WARN__DUPLICATE_METHOD_MATCH = YES;
				"CODE_SIGN_IDENTITY[sdk=iphoneos*]" = "iPhone Developer";
				COPY_PHASE_STRIP = NO;
				DEBUG_INFORMATION_FORMAT = dwarf;
				ENABLE_STRICT_OBJC_MSGSEND = YES;
				ENABLE_TESTABILITY = YES;
				GCC_C_LANGUAGE_STANDARD = gnu99;
				GCC_DYNAMIC_NO_PIC = NO;
				GCC_NO_COMMON_BLOCKS = YES;
				GCC_OPTIMIZATION_LEVEL = 0;
				GCC_PREPROCESSOR_DEFINITIONS = (
					"DEBUG=1",
					"$(inherited)",
				);
				GCC_WARN_64_TO_32_BIT_CONVERSION = YES;
				GCC_WARN_ABOUT_RETURN_TYPE = YES_ERROR;
				GCC_WARN_UNDECLARED_SELECTOR = YES;
				GCC_WARN_UNINITIALIZED_AUTOS = YES_AGGRESSIVE;
				GCC_WARN_UNUSED_FUNCTION = YES;
				GCC_WARN_UNUSED_VARIABLE = YES;
				IPHONEOS_DEPLOYMENT_TARGET = 10.2;
				MTL_ENABLE_DEBUG_INFO = YES;
				ONLY_ACTIVE_ARCH = YES;
				SDKROOT = iphoneos;
				SWIFT_ACTIVE_COMPILATION_CONDITIONS = DEBUG;
				SWIFT_OPTIMIZATION_LEVEL = "-Onone";
			};
			name = Debug;
		};
		29BD28F61E9E19AC00BA062D /* Release */ = {
			isa = XCBuildConfiguration;
			buildSettings = {
				ALWAYS_SEARCH_USER_PATHS = NO;
				CLANG_ANALYZER_NONNULL = YES;
				CLANG_CXX_LANGUAGE_STANDARD = "gnu++0x";
				CLANG_CXX_LIBRARY = "libc++";
				CLANG_ENABLE_MODULES = YES;
				CLANG_ENABLE_OBJC_ARC = YES;
				CLANG_WARN_BOOL_CONVERSION = YES;
				CLANG_WARN_CONSTANT_CONVERSION = YES;
				CLANG_WARN_DIRECT_OBJC_ISA_USAGE = YES_ERROR;
				CLANG_WARN_DOCUMENTATION_COMMENTS = YES;
				CLANG_WARN_EMPTY_BODY = YES;
				CLANG_WARN_ENUM_CONVERSION = YES;
				CLANG_WARN_INFINITE_RECURSION = YES;
				CLANG_WARN_INT_CONVERSION = YES;
				CLANG_WARN_OBJC_ROOT_CLASS = YES_ERROR;
				CLANG_WARN_SUSPICIOUS_MOVE = YES;
				CLANG_WARN_UNREACHABLE_CODE = YES;
				CLANG_WARN__DUPLICATE_METHOD_MATCH = YES;
				"CODE_SIGN_IDENTITY[sdk=iphoneos*]" = "iPhone Developer";
				COPY_PHASE_STRIP = NO;
				DEBUG_INFORMATION_FORMAT = "dwarf-with-dsym";
				ENABLE_NS_ASSERTIONS = NO;
				ENABLE_STRICT_OBJC_MSGSEND = YES;
				GCC_C_LANGUAGE_STANDARD = gnu99;
				GCC_NO_COMMON_BLOCKS = YES;
				GCC_WARN_64_TO_32_BIT_CONVERSION = YES;
				GCC_WARN_ABOUT_RETURN_TYPE = YES_ERROR;
				GCC_WARN_UNDECLARED_SELECTOR = YES;
				GCC_WARN_UNINITIALIZED_AUTOS = YES_AGGRESSIVE;
				GCC_WARN_UNUSED_FUNCTION = YES;
				GCC_WARN_UNUSED_VARIABLE = YES;
				IPHONEOS_DEPLOYMENT_TARGET = 10.2;
				MTL_ENABLE_DEBUG_INFO = NO;
				SDKROOT = iphoneos;
				SWIFT_OPTIMIZATION_LEVEL = "-Owholemodule";
				VALIDATE_PRODUCT = YES;
			};
			name = Release;
		};
		29BD28F81E9E19AC00BA062D /* Debug */ = {
			isa = XCBuildConfiguration;
			buildSettings = {
				ASSETCATALOG_COMPILER_APPICON_NAME = AppIcon;
				DEVELOPMENT_TEAM = 9TNZEAVGTV;
				INFOPLIST_FILE = "$(SRCROOT)/RHRefreshDemo/Info.plist";
				IPHONEOS_DEPLOYMENT_TARGET = 8.0;
				LD_RUNPATH_SEARCH_PATHS = "$(inherited) @executable_path/Frameworks";
				PRODUCT_BUNDLE_IDENTIFIER = com.xieruihua.RHRefresh;
				PRODUCT_NAME = "$(TARGET_NAME)";
				PROVISIONING_PROFILE = "7c34d2c5-c3fc-4e64-a8c6-5e3f8c1707ce";
				PROVISIONING_PROFILE_SPECIFIER = LYGCAC;
				SWIFT_VERSION = 3.0;
			};
			name = Debug;
		};
		29BD28F91E9E19AC00BA062D /* Release */ = {
			isa = XCBuildConfiguration;
			buildSettings = {
				ASSETCATALOG_COMPILER_APPICON_NAME = AppIcon;
				DEVELOPMENT_TEAM = 9TNZEAVGTV;
				INFOPLIST_FILE = "$(SRCROOT)/RHRefreshDemo/Info.plist";
				IPHONEOS_DEPLOYMENT_TARGET = 8.0;
				LD_RUNPATH_SEARCH_PATHS = "$(inherited) @executable_path/Frameworks";
				PRODUCT_BUNDLE_IDENTIFIER = com.xieruihua.RHRefresh;
				PRODUCT_NAME = "$(TARGET_NAME)";
				PROVISIONING_PROFILE = "7c34d2c5-c3fc-4e64-a8c6-5e3f8c1707ce";
				PROVISIONING_PROFILE_SPECIFIER = LYGCAC;
				SWIFT_VERSION = 3.0;
			};
			name = Release;
		};
/* End XCBuildConfiguration section */

/* Begin XCConfigurationList section */
		29BD28E01E9E19AC00BA062D /* Build configuration list for PBXProject "RHRefresh" */ = {
			isa = XCConfigurationList;
			buildConfigurations = (
				29BD28F51E9E19AC00BA062D /* Debug */,
				29BD28F61E9E19AC00BA062D /* Release */,
			);
			defaultConfigurationIsVisible = 0;
			defaultConfigurationName = Release;
		};
		29BD28F71E9E19AC00BA062D /* Build configuration list for PBXNativeTarget "RHRefresh" */ = {
			isa = XCConfigurationList;
			buildConfigurations = (
				29BD28F81E9E19AC00BA062D /* Debug */,
				29BD28F91E9E19AC00BA062D /* Release */,
			);
			defaultConfigurationIsVisible = 0;
			defaultConfigurationName = Release;
		};
/* End XCConfigurationList section */
	};
	rootObject = 29BD28DD1E9E19AC00BA062D /* Project object */;
}
